// !$*UTF8*$!
{
	archiveVersion = 1;
	classes = {
	};
	objectVersion = 48;
	objects = {

/* Begin PBXBuildFile section */
		1320B6A82028174F009C7A97 /* asteroid.mp3 in Resources */ = {isa = PBXBuildFile; fileRef = 1320B6A72028174F009C7A97 /* asteroid.mp3 */; };
		1320B6AE20283100009C7A97 /* Sounds.swift in Sources */ = {isa = PBXBuildFile; fileRef = 1320B6AD20283100009C7A97 /* Sounds.swift */; };
		1320B6B2202838A6009C7A97 /* spin.wav in Resources */ = {isa = PBXBuildFile; fileRef = 1320B6B1202838A6009C7A97 /* spin.wav */; };
		1320B6B520283A6F009C7A97 /* loses.wav in Resources */ = {isa = PBXBuildFile; fileRef = 1320B6B320283A6F009C7A97 /* loses.wav */; };
		1320B6B620283A6F009C7A97 /* wins.wav in Resources */ = {isa = PBXBuildFile; fileRef = 1320B6B420283A6F009C7A97 /* wins.wav */; };
		1320B6B820283AFD009C7A97 /* jackpot.wav in Resources */ = {isa = PBXBuildFile; fileRef = 1320B6B720283AFD009C7A97 /* jackpot.wav */; };
		1320B6BB20283B62009C7A97 /* minus.wav in Resources */ = {isa = PBXBuildFile; fileRef = 1320B6B920283B62009C7A97 /* minus.wav */; };
		1320B6BC20283B62009C7A97 /* plus.wav in Resources */ = {isa = PBXBuildFile; fileRef = 1320B6BA20283B62009C7A97 /* plus.wav */; };
		1320B6BE20283C5B009C7A97 /* gameover.wav in Resources */ = {isa = PBXBuildFile; fileRef = 1320B6BD20283C5B009C7A97 /* gameover.wav */; };
		1397C37A202186620072EAAF /* AppDelegate.swift in Sources */ = {isa = PBXBuildFile; fileRef = 1397C379202186620072EAAF /* AppDelegate.swift */; };
		1397C37C202186620072EAAF /* ViewController.swift in Sources */ = {isa = PBXBuildFile; fileRef = 1397C37B202186620072EAAF /* ViewController.swift */; };
		1397C37F202186620072EAAF /* Main.storyboard in Resources */ = {isa = PBXBuildFile; fileRef = 1397C37D202186620072EAAF /* Main.storyboard */; };
		1397C381202186620072EAAF /* Assets.xcassets in Resources */ = {isa = PBXBuildFile; fileRef = 1397C380202186620072EAAF /* Assets.xcassets */; };
		1397C384202186620072EAAF /* LaunchScreen.storyboard in Resources */ = {isa = PBXBuildFile; fileRef = 1397C382202186620072EAAF /* LaunchScreen.storyboard */; };
		1397C38C2021882A0072EAAF /* zig.ttf in Resources */ = {isa = PBXBuildFile; fileRef = 1397C38B2021882A0072EAAF /* zig.ttf */; };
/* End PBXBuildFile section */

/* Begin PBXFileReference section */
		1320B6A72028174F009C7A97 /* asteroid.mp3 */ = {isa = PBXFileReference; lastKnownFileType = audio.mp3; path = asteroid.mp3; sourceTree = "<group>"; };
		1320B6AD20283100009C7A97 /* Sounds.swift */ = {isa = PBXFileReference; lastKnownFileType = sourcecode.swift; path = Sounds.swift; sourceTree = "<group>"; };
		1320B6B1202838A6009C7A97 /* spin.wav */ = {isa = PBXFileReference; lastKnownFileType = audio.wav; path = spin.wav; sourceTree = "<group>"; };
		1320B6B320283A6F009C7A97 /* loses.wav */ = {isa = PBXFileReference; lastKnownFileType = audio.wav; path = loses.wav; sourceTree = "<group>"; };
		1320B6B420283A6F009C7A97 /* wins.wav */ = {isa = PBXFileReference; lastKnownFileType = audio.wav; path = wins.wav; sourceTree = "<group>"; };
		1320B6B720283AFD009C7A97 /* jackpot.wav */ = {isa = PBXFileReference; lastKnownFileType = audio.wav; path = jackpot.wav; sourceTree = "<group>"; };
		1320B6B920283B62009C7A97 /* minus.wav */ = {isa = PBXFileReference; lastKnownFileType = audio.wav; path = minus.wav; sourceTree = "<group>"; };
		1320B6BA20283B62009C7A97 /* plus.wav */ = {isa = PBXFileReference; lastKnownFileType = audio.wav; path = plus.wav; sourceTree = "<group>"; };
		1320B6BD20283C5B009C7A97 /* gameover.wav */ = {isa = PBXFileReference; lastKnownFileType = audio.wav; path = gameover.wav; sourceTree = "<group>"; };
		1397C376202186620072EAAF /* retro-slot.app */ = {isa = PBXFileReference; explicitFileType = wrapper.application; includeInIndex = 0; path = "retro-slot.app"; sourceTree = BUILT_PRODUCTS_DIR; };
		1397C379202186620072EAAF /* AppDelegate.swift */ = {isa = PBXFileReference; lastKnownFileType = sourcecode.swift; path = AppDelegate.swift; sourceTree = "<group>"; };
		1397C37B202186620072EAAF /* ViewController.swift */ = {isa = PBXFileReference; lastKnownFileType = sourcecode.swift; path = ViewController.swift; sourceTree = "<group>"; };
		1397C37E202186620072EAAF /* Base */ = {isa = PBXFileReference; lastKnownFileType = file.storyboard; name = Base; path = Base.lproj/Main.storyboard; sourceTree = "<group>"; };
		1397C380202186620072EAAF /* Assets.xcassets */ = {isa = PBXFileReference; lastKnownFileType = folder.assetcatalog; path = Assets.xcassets; sourceTree = "<group>"; };
		1397C383202186620072EAAF /* Base */ = {isa = PBXFileReference; lastKnownFileType = file.storyboard; name = Base; path = Base.lproj/LaunchScreen.storyboard; sourceTree = "<group>"; };
		1397C385202186620072EAAF /* Info.plist */ = {isa = PBXFileReference; lastKnownFileType = text.plist.xml; path = Info.plist; sourceTree = "<group>"; };
		1397C38B2021882A0072EAAF /* zig.ttf */ = {isa = PBXFileReference; lastKnownFileType = file; path = zig.ttf; sourceTree = "<group>"; };
/* End PBXFileReference section */

/* Begin PBXFrameworksBuildPhase section */
		1397C373202186620072EAAF /* Frameworks */ = {
			isa = PBXFrameworksBuildPhase;
			buildActionMask = 2147483647;
			files = (
			);
			runOnlyForDeploymentPostprocessing = 0;
		};
/* End PBXFrameworksBuildPhase section */

/* Begin PBXGroup section */
		1397C36D202186610072EAAF = {
			isa = PBXGroup;
			children = (
				1397C378202186620072EAAF /* retro-slot */,
				1397C377202186620072EAAF /* Products */,
			);
			sourceTree = "<group>";
		};
		1397C377202186620072EAAF /* Products */ = {
			isa = PBXGroup;
			children = (
				1397C376202186620072EAAF /* retro-slot.app */,
			);
			name = Products;
			sourceTree = "<group>";
		};
		1397C378202186620072EAAF /* retro-slot */ = {
			isa = PBXGroup;
			children = (
				1320B6AD20283100009C7A97 /* Sounds.swift */,
				1397C379202186620072EAAF /* AppDelegate.swift */,
				1397C37B202186620072EAAF /* ViewController.swift */,
				1397C37D202186620072EAAF /* Main.storyboard */,
				1397C380202186620072EAAF /* Assets.xcassets */,
				1397C382202186620072EAAF /* LaunchScreen.storyboard */,
				1397C385202186620072EAAF /* Info.plist */,
				1397C38B2021882A0072EAAF /* zig.ttf */,
				1320B6A72028174F009C7A97 /* asteroid.mp3 */,
				1320B6B1202838A6009C7A97 /* spin.wav */,
				1320B6B720283AFD009C7A97 /* jackpot.wav */,
				1320B6B320283A6F009C7A97 /* loses.wav */,
				1320B6B420283A6F009C7A97 /* wins.wav */,
				1320B6BD20283C5B009C7A97 /* gameover.wav */,
				1320B6B920283B62009C7A97 /* minus.wav */,
				1320B6BA20283B62009C7A97 /* plus.wav */,
			);
			path = "retro-slot";
			sourceTree = "<group>";
		};
/* End PBXGroup section */

/* Begin PBXNativeTarget section */
		1397C375202186620072EAAF /* retro-slot */ = {
			isa = PBXNativeTarget;
			buildConfigurationList = 1397C388202186620072EAAF /* Build configuration list for PBXNativeTarget "retro-slot" */;
			buildPhases = (
				1397C372202186620072EAAF /* Sources */,
				1397C373202186620072EAAF /* Frameworks */,
				1397C374202186620072EAAF /* Resources */,
			);
			buildRules = (
			);
			dependencies = (
			);
			name = "retro-slot";
			productName = "retro-slot";
			productReference = 1397C376202186620072EAAF /* retro-slot.app */;
			productType = "com.apple.product-type.application";
		};
/* End PBXNativeTarget section */

/* Begin PBXProject section */
		1397C36E202186610072EAAF /* Project object */ = {
			isa = PBXProject;
			attributes = {
				LastSwiftUpdateCheck = 0920;
				LastUpgradeCheck = 0920;
				ORGANIZATIONNAME = Centennial;
				TargetAttributes = {
					1397C375202186620072EAAF = {
						CreatedOnToolsVersion = 9.2;
						ProvisioningStyle = Automatic;
					};
				};
			};
			buildConfigurationList = 1397C371202186610072EAAF /* Build configuration list for PBXProject "retro-slot" */;
			compatibilityVersion = "Xcode 8.0";
			developmentRegion = en;
			hasScannedForEncodings = 0;
			knownRegions = (
				en,
				Base,
			);
			mainGroup = 1397C36D202186610072EAAF;
			productRefGroup = 1397C377202186620072EAAF /* Products */;
			projectDirPath = "";
			projectRoot = "";
			targets = (
				1397C375202186620072EAAF /* retro-slot */,
			);
		};
/* End PBXProject section */

/* Begin PBXResourcesBuildPhase section */
		1397C374202186620072EAAF /* Resources */ = {
			isa = PBXResourcesBuildPhase;
			buildActionMask = 2147483647;
			files = (
				1320B6BC20283B62009C7A97 /* plus.wav in Resources */,
				1397C384202186620072EAAF /* LaunchScreen.storyboard in Resources */,
				1397C38C2021882A0072EAAF /* zig.ttf in Resources */,
				1397C381202186620072EAAF /* Assets.xcassets in Resources */,
				1320B6B520283A6F009C7A97 /* loses.wav in Resources */,
				1320B6B620283A6F009C7A97 /* wins.wav in Resources */,
				1320B6BE20283C5B009C7A97 /* gameover.wav in Resources */,
				1320B6B820283AFD009C7A97 /* jackpot.wav in Resources */,
				1320B6A82028174F009C7A97 /* asteroid.mp3 in Resources */,
				1320B6B2202838A6009C7A97 /* spin.wav in Resources */,
				1397C37F202186620072EAAF /* Main.storyboard in Resources */,
				1320B6BB20283B62009C7A97 /* minus.wav in Resources */,
			);
			runOnlyForDeploymentPostprocessing = 0;
		};
/* End PBXResourcesBuildPhase section */

/* Begin PBXSourcesBuildPhase section */
		1397C372202186620072EAAF /* Sources */ = {
			isa = PBXSourcesBuildPhase;
			buildActionMask = 2147483647;
			files = (
				1320B6AE20283100009C7A97 /* Sounds.swift in Sources */,
				1397C37C202186620072EAAF /* ViewController.swift in Sources */,
				1397C37A202186620072EAAF /* AppDelegate.swift in Sources */,
			);
			runOnlyForDeploymentPostprocessing = 0;
		};
/* End PBXSourcesBuildPhase section */

/* Begin PBXVariantGroup section */
		1397C37D202186620072EAAF /* Main.storyboard */ = {
			isa = PBXVariantGroup;
			children = (
				1397C37E202186620072EAAF /* Base */,
			);
			name = Main.storyboard;
			sourceTree = "<group>";
		};
		1397C382202186620072EAAF /* LaunchScreen.storyboard */ = {
			isa = PBXVariantGroup;
			children = (
				1397C383202186620072EAAF /* Base */,
			);
			name = LaunchScreen.storyboard;
			sourceTree = "<group>";
		};
/* End PBXVariantGroup section */

/* Begin XCBuildConfiguration section */
		1397C386202186620072EAAF /* Debug */ = {
			isa = XCBuildConfiguration;
			buildSettings = {
				ALWAYS_SEARCH_USER_PATHS = NO;
				CLANG_ANALYZER_NONNULL = YES;
				CLANG_ANALYZER_NUMBER_OBJECT_CONVERSION = YES_AGGRESSIVE;
				CLANG_CXX_LANGUAGE_STANDARD = "gnu++14";
				CLANG_CXX_LIBRARY = "libc++";
				CLANG_ENABLE_MODULES = YES;
				CLANG_ENABLE_OBJC_ARC = YES;
				CLANG_WARN_BLOCK_CAPTURE_AUTORELEASING = YES;
				CLANG_WARN_BOOL_CONVERSION = YES;
				CLANG_WARN_COMMA = YES;
				CLANG_WARN_CONSTANT_CONVERSION = YES;
				CLANG_WARN_DIRECT_OBJC_ISA_USAGE = YES_ERROR;
				CLANG_WARN_DOCUMENTATION_COMMENTS = YES;
				CLANG_WARN_EMPTY_BODY = YES;
				CLANG_WARN_ENUM_CONVERSION = YES;
				CLANG_WARN_INFINITE_RECURSION = YES;
				CLANG_WARN_INT_CONVERSION = YES;
				CLANG_WARN_NON_LITERAL_NULL_CONVERSION = YES;
				CLANG_WARN_OBJC_LITERAL_CONVERSION = YES;
				CLANG_WARN_OBJC_ROOT_CLASS = YES_ERROR;
				CLANG_WARN_RANGE_LOOP_ANALYSIS = YES;
				CLANG_WARN_STRICT_PROTOTYPES = YES;
				CLANG_WARN_SUSPICIOUS_MOVE = YES;
				CLANG_WARN_UNGUARDED_AVAILABILITY = YES_AGGRESSIVE;
				CLANG_WARN_UNREACHABLE_CODE = YES;
				CLANG_WARN__DUPLICATE_METHOD_MATCH = YES;
				CODE_SIGN_IDENTITY = "iPhone Developer";
				COPY_PHASE_STRIP = NO;
				DEBUG_INFORMATION_FORMAT = dwarf;
				ENABLE_STRICT_OBJC_MSGSEND = YES;
				ENABLE_TESTABILITY = YES;
				GCC_C_LANGUAGE_STANDARD = gnu11;
				GCC_DYNAMIC_NO_PIC = NO;
				GCC_NO_COMMON_BLOCKS = YES;
				GCC_OPTIMIZATION_LEVEL = 0;
				GCC_PREPROCESSOR_DEFINITIONS = (
					"DEBUG=1",
					"$(inherited)",
				);
				GCC_WARN_64_TO_32_BIT_CONVERSION = YES;
				GCC_WARN_ABOUT_RETURN_TYPE = YES_ERROR;
				GCC_WARN_UNDECLARED_SELECTOR = YES;
				GCC_WARN_UNINITIALIZED_AUTOS = YES_AGGRESSIVE;
				GCC_WARN_UNUSED_FUNCTION = YES;
				GCC_WARN_UNUSED_VARIABLE = YES;
				IPHONEOS_DEPLOYMENT_TARGET = 11.2;
				MTL_ENABLE_DEBUG_INFO = YES;
				ONLY_ACTIVE_ARCH = YES;
				SDKROOT = iphoneos;
				SWIFT_ACTIVE_COMPILATION_CONDITIONS = DEBUG;
				SWIFT_OPTIMIZATION_LEVEL = "-Onone";
			};
			name = Debug;
		};
		1397C387202186620072EAAF /* Release */ = {
			isa = XCBuildConfiguration;
			buildSettings = {
				ALWAYS_SEARCH_USER_PATHS = NO;
				CLANG_ANALYZER_NONNULL = YES;
				CLANG_ANALYZER_NUMBER_OBJECT_CONVERSION = YES_AGGRESSIVE;
				CLANG_CXX_LANGUAGE_STANDARD = "gnu++14";
				CLANG_CXX_LIBRARY = "libc++";
				CLANG_ENABLE_MODULES = YES;
				CLANG_ENABLE_OBJC_ARC = YES;
				CLANG_WARN_BLOCK_CAPTURE_AUTORELEASING = YES;
				CLANG_WARN_BOOL_CONVERSION = YES;
				CLANG_WARN_COMMA = YES;
				CLANG_WARN_CONSTANT_CONVERSION = YES;
				CLANG_WARN_DIRECT_OBJC_ISA_USAGE = YES_ERROR;
				CLANG_WARN_DOCUMENTATION_COMMENTS = YES;
				CLANG_WARN_EMPTY_BODY = YES;
				CLANG_WARN_ENUM_CONVERSION = YES;
				CLANG_WARN_INFINITE_RECURSION = YES;
				CLANG_WARN_INT_CONVERSION = YES;
				CLANG_WARN_NON_LITERAL_NULL_CONVERSION = YES;
				CLANG_WARN_OBJC_LITERAL_CONVERSION = YES;
				CLANG_WARN_OBJC_ROOT_CLASS = YES_ERROR;
				CLANG_WARN_RANGE_LOOP_ANALYSIS = YES;
				CLANG_WARN_STRICT_PROTOTYPES = YES;
				CLANG_WARN_SUSPICIOUS_MOVE = YES;
				CLANG_WARN_UNGUARDED_AVAILABILITY = YES_AGGRESSIVE;
				CLANG_WARN_UNREACHABLE_CODE = YES;
				CLANG_WARN__DUPLICATE_METHOD_MATCH = YES;
				CODE_SIGN_IDENTITY = "iPhone Developer";
				COPY_PHASE_STRIP = NO;
				DEBUG_INFORMATION_FORMAT = "dwarf-with-dsym";
				ENABLE_NS_ASSERTIONS = NO;
				ENABLE_STRICT_OBJC_MSGSEND = YES;
				GCC_C_LANGUAGE_STANDARD = gnu11;
				GCC_NO_COMMON_BLOCKS = YES;
				GCC_WARN_64_TO_32_BIT_CONVERSION = YES;
				GCC_WARN_ABOUT_RETURN_TYPE = YES_ERROR;
				GCC_WARN_UNDECLARED_SELECTOR = YES;
				GCC_WARN_UNINITIALIZED_AUTOS = YES_AGGRESSIVE;
				GCC_WARN_UNUSED_FUNCTION = YES;
				GCC_WARN_UNUSED_VARIABLE = YES;
				IPHONEOS_DEPLOYMENT_TARGET = 11.2;
				MTL_ENABLE_DEBUG_INFO = NO;
				SDKROOT = iphoneos;
				SWIFT_OPTIMIZATION_LEVEL = "-Owholemodule";
				VALIDATE_PRODUCT = YES;
			};
			name = Release;
		};
		1397C389202186620072EAAF /* Debug */ = {
			isa = XCBuildConfiguration;
			buildSettings = {
				ASSETCATALOG_COMPILER_APPICON_NAME = AppIcon;
				CODE_SIGN_STYLE = Automatic;
				DEVELOPMENT_TEAM = 2BULHRS882;
				INFOPLIST_FILE = "retro-slot/Info.plist";
				LD_RUNPATH_SEARCH_PATHS = "$(inherited) @executable_path/Frameworks";
				PRODUCT_BUNDLE_IDENTIFIER = "ca.centennialcollege.retro-slot";
				PRODUCT_NAME = "$(TARGET_NAME)";
				SWIFT_VERSION = 4.0;
				TARGETED_DEVICE_FAMILY = "1,2";
			};
			name = Debug;
		};
		1397C38A202186620072EAAF /* Release */ = {
			isa = XCBuildConfiguration;
			buildSettings = {
				ASSETCATALOG_COMPILER_APPICON_NAME = AppIcon;
				CODE_SIGN_STYLE = Automatic;
				DEVELOPMENT_TEAM = 2BULHRS882;
				INFOPLIST_FILE = "retro-slot/Info.plist";
				LD_RUNPATH_SEARCH_PATHS = "$(inherited) @executable_path/Frameworks";
				PRODUCT_BUNDLE_IDENTIFIER = "ca.centennialcollege.retro-slot";
				PRODUCT_NAME = "$(TARGET_NAME)";
				SWIFT_VERSION = 4.0;
				TARGETED_DEVICE_FAMILY = "1,2";
			};
			name = Release;
		};
/* End XCBuildConfiguration section */

/* Begin XCConfigurationList section */
		1397C371202186610072EAAF /* Build configuration list for PBXProject "retro-slot" */ = {
			isa = XCConfigurationList;
			buildConfigurations = (
				1397C386202186620072EAAF /* Debug */,
				1397C387202186620072EAAF /* Release */,
			);
			defaultConfigurationIsVisible = 0;
			defaultConfigurationName = Release;
		};
		1397C388202186620072EAAF /* Build configuration list for PBXNativeTarget "retro-slot" */ = {
			isa = XCConfigurationList;
			buildConfigurations = (
				1397C389202186620072EAAF /* Debug */,
				1397C38A202186620072EAAF /* Release */,
			);
			defaultConfigurationIsVisible = 0;
			defaultConfigurationName = Release;
		};
/* End XCConfigurationList section */
	};
	rootObject = 1397C36E202186610072EAAF /* Project object */;
}
